
Microsoft Visual Studio Solution File, Format Version 12.00
# Visual Studio 15
VisualStudioVersion = 15.0.26124.0
MinimumVisualStudioVersion = 15.0.26124.0
Project("{2150E333-8FDC-42A3-9474-1A3956D46DE8}") = "src", "src", "{34AE5E9A-F279-4A62-AEB7-7947D38B5494}"
EndProject
Project("{FAE04EC0-301F-11D3-BF4B-00C04F79EFBC}") = "POC.DAL", "src\POC.DAL\POC.DAL.csproj", "{8DC15137-9B9C-428D-92F7-A4CA84CF4285}"
EndProject
Project("{FAE04EC0-301F-11D3-BF4B-00C04F79EFBC}") = "POC.BLL", "src\POC.BLL\POC.BLL.csproj", "{09D343FB-6B31-4C1B-BAA3-5EE458DB0C06}"
EndProject
Project("{FAE04EC0-301F-11D3-BF4B-00C04F79EFBC}") = "POC.Web", "src\POC.Web\POC.Web.csproj", "{F17001F7-803B-40E2-BF21-AEE627940B7F}"
EndProject
Global
	GlobalSection(SolutionConfigurationPlatforms) = preSolution
		Debug|Any CPU = Debug|Any CPU
		Debug|x64 = Debug|x64
		Debug|x86 = Debug|x86
		Release|Any CPU = Release|Any CPU
		Release|x64 = Release|x64
		Release|x86 = Release|x86
	EndGlobalSection
	GlobalSection(SolutionProperties) = preSolution
		HideSolutionNode = FALSE
	EndGlobalSection
	GlobalSection(ProjectConfigurationPlatforms) = postSolution
		{8DC15137-9B9C-428D-92F7-A4CA84CF4285}.Debug|Any CPU.ActiveCfg = Debug|Any CPU
		{8DC15137-9B9C-428D-92F7-A4CA84CF4285}.Debug|Any CPU.Build.0 = Debug|Any CPU
		{8DC15137-9B9C-428D-92F7-A4CA84CF4285}.Debug|x64.ActiveCfg = Debug|Any CPU
		{8DC15137-9B9C-428D-92F7-A4CA84CF4285}.Debug|x64.Build.0 = Debug|Any CPU
		{8DC15137-9B9C-428D-92F7-A4CA84CF4285}.Debug|x86.ActiveCfg = Debug|Any CPU
		{8DC15137-9B9C-428D-92F7-A4CA84CF4285}.Debug|x86.Build.0 = Debug|Any CPU
		{8DC15137-9B9C-428D-92F7-A4CA84CF4285}.Release|Any CPU.ActiveCfg = Release|Any CPU
		{8DC15137-9B9C-428D-92F7-A4CA84CF4285}.Release|Any CPU.Build.0 = Release|Any CPU
		{8DC15137-9B9C-428D-92F7-A4CA84CF4285}.Release|x64.ActiveCfg = Release|Any CPU
		{8DC15137-9B9C-428D-92F7-A4CA84CF4285}.Release|x64.Build.0 = Release|Any CPU
		{8DC15137-9B9C-428D-92F7-A4CA84CF4285}.Release|x86.ActiveCfg = Release|Any CPU
		{8DC15137-9B9C-428D-92F7-A4CA84CF4285}.Release|x86.Build.0 = Release|Any CPU
		{09D343FB-6B31-4C1B-BAA3-5EE458DB0C06}.Debug|Any CPU.ActiveCfg = Debug|Any CPU
		{09D343FB-6B31-4C1B-BAA3-5EE458DB0C06}.Debug|Any CPU.Build.0 = Debug|Any CPU
		{09D343FB-6B31-4C1B-BAA3-5EE458DB0C06}.Debug|x64.ActiveCfg = Debug|Any CPU
		{09D343FB-6B31-4C1B-BAA3-5EE458DB0C06}.Debug|x64.Build.0 = Debug|Any CPU
		{09D343FB-6B31-4C1B-BAA3-5EE458DB0C06}.Debug|x86.ActiveCfg = Debug|Any CPU
		{09D343FB-6B31-4C1B-BAA3-5EE458DB0C06}.Debug|x86.Build.0 = Debug|Any CPU
		{09D343FB-6B31-4C1B-BAA3-5EE458DB0C06}.Release|Any CPU.ActiveCfg = Release|Any CPU
		{09D343FB-6B31-4C1B-BAA3-5EE458DB0C06}.Release|Any CPU.Build.0 = Release|Any CPU
		{09D343FB-6B31-4C1B-BAA3-5EE458DB0C06}.Release|x64.ActiveCfg = Release|Any CPU
		{09D343FB-6B31-4C1B-BAA3-5EE458DB0C06}.Release|x64.Build.0 = Release|Any CPU
		{09D343FB-6B31-4C1B-BAA3-5EE458DB0C06}.Release|x86.ActiveCfg = Release|Any CPU
		{09D343FB-6B31-4C1B-BAA3-5EE458DB0C06}.Release|x86.Build.0 = Release|Any CPU
		{F17001F7-803B-40E2-BF21-AEE627940B7F}.Debug|Any CPU.ActiveCfg = Debug|Any CPU
		{F17001F7-803B-40E2-BF21-AEE627940B7F}.Debug|Any CPU.Build.0 = Debug|Any CPU
		{F17001F7-803B-40E2-BF21-AEE627940B7F}.Debug|x64.ActiveCfg = Debug|Any CPU
		{F17001F7-803B-40E2-BF21-AEE627940B7F}.Debug|x64.Build.0 = Debug|Any CPU
		{F17001F7-803B-40E2-BF21-AEE627940B7F}.Debug|x86.ActiveCfg = Debug|Any CPU
		{F17001F7-803B-40E2-BF21-AEE627940B7F}.Debug|x86.Build.0 = Debug|Any CPU
		{F17001F7-803B-40E2-BF21-AEE627940B7F}.Release|Any CPU.ActiveCfg = Release|Any CPU
		{F17001F7-803B-40E2-BF21-AEE627940B7F}.Release|Any CPU.Build.0 = Release|Any CPU
		{F17001F7-803B-40E2-BF21-AEE627940B7F}.Release|x64.ActiveCfg = Release|Any CPU
		{F17001F7-803B-40E2-BF21-AEE627940B7F}.Release|x64.Build.0 = Release|Any CPU
		{F17001F7-803B-40E2-BF21-AEE627940B7F}.Release|x86.ActiveCfg = Release|Any CPU
		{F17001F7-803B-40E2-BF21-AEE627940B7F}.Release|x86.Build.0 = Release|Any CPU
	EndGlobalSection
	GlobalSection(NestedProjects) = preSolution
		{8DC15137-9B9C-428D-92F7-A4CA84CF4285} = {34AE5E9A-F279-4A62-AEB7-7947D38B5494}
		{09D343FB-6B31-4C1B-BAA3-5EE458DB0C06} = {34AE5E9A-F279-4A62-AEB7-7947D38B5494}
		{F17001F7-803B-40E2-BF21-AEE627940B7F} = {34AE5E9A-F279-4A62-AEB7-7947D38B5494}
	EndGlobalSection
EndGlobal
